// !$*UTF8*$!
{
	archiveVersion = 1;
	classes = {
	};
	objectVersion = 50;
	objects = {

/* Begin PBXBuildFile section */
		D8FE4B7824E1E41D000AF211 /* AppDelegate.swift in Sources */ = {isa = PBXBuildFile; fileRef = D8FE4B7724E1E41D000AF211 /* AppDelegate.swift */; };
		D8FE4B7A24E1E41D000AF211 /* SceneDelegate.swift in Sources */ = {isa = PBXBuildFile; fileRef = D8FE4B7924E1E41D000AF211 /* SceneDelegate.swift */; };
		D8FE4B7F24E1E41D000AF211 /* Main.storyboard in Resources */ = {isa = PBXBuildFile; fileRef = D8FE4B7D24E1E41D000AF211 /* Main.storyboard */; };
		D8FE4B8124E1E41F000AF211 /* Assets.xcassets in Resources */ = {isa = PBXBuildFile; fileRef = D8FE4B8024E1E41F000AF211 /* Assets.xcassets */; };
		D8FE4B8424E1E41F000AF211 /* LaunchScreen.storyboard in Resources */ = {isa = PBXBuildFile; fileRef = D8FE4B8224E1E41F000AF211 /* LaunchScreen.storyboard */; };
		D8FE4B9E24E34784000AF211 /* ArtistTableViewCell.swift in Sources */ = {isa = PBXBuildFile; fileRef = D8FE4B9D24E34784000AF211 /* ArtistTableViewCell.swift */; };
		D8FE4BA024EAF45F000AF211 /* ArtistViewController.swift in Sources */ = {isa = PBXBuildFile; fileRef = D8FE4B9F24EAF45E000AF211 /* ArtistViewController.swift */; };
		D8FE4BC224ED77FD000AF211 /* ArtistsModel.swift in Sources */ = {isa = PBXBuildFile; fileRef = D8FE4BC124ED77FD000AF211 /* ArtistsModel.swift */; };
		D8FE4BC424ED782F000AF211 /* ArtistsService.swift in Sources */ = {isa = PBXBuildFile; fileRef = D8FE4BC324ED782F000AF211 /* ArtistsService.swift */; };
		D8FE4BC624ED786E000AF211 /* ArtistTableCellViewModel.swift in Sources */ = {isa = PBXBuildFile; fileRef = D8FE4BC524ED786E000AF211 /* ArtistTableCellViewModel.swift */; };
		D8FE4BCC24ED7A52000AF211 /* artists.json in Resources */ = {isa = PBXBuildFile; fileRef = D8FE4BCB24ED7A52000AF211 /* artists.json */; };
/* End PBXBuildFile section */

/* Begin PBXFileReference section */
		D8FE4B7424E1E41D000AF211 /* DynamicCellViewHeight.app */ = {isa = PBXFileReference; explicitFileType = wrapper.application; includeInIndex = 0; path = DynamicCellViewHeight.app; sourceTree = BUILT_PRODUCTS_DIR; };
		D8FE4B7724E1E41D000AF211 /* AppDelegate.swift */ = {isa = PBXFileReference; lastKnownFileType = sourcecode.swift; path = AppDelegate.swift; sourceTree = "<group>"; };
		D8FE4B7924E1E41D000AF211 /* SceneDelegate.swift */ = {isa = PBXFileReference; lastKnownFileType = sourcecode.swift; path = SceneDelegate.swift; sourceTree = "<group>"; };
		D8FE4B7E24E1E41D000AF211 /* Base */ = {isa = PBXFileReference; lastKnownFileType = file.storyboard; name = Base; path = Base.lproj/Main.storyboard; sourceTree = "<group>"; };
		D8FE4B8024E1E41F000AF211 /* Assets.xcassets */ = {isa = PBXFileReference; lastKnownFileType = folder.assetcatalog; path = Assets.xcassets; sourceTree = "<group>"; };
		D8FE4B8324E1E41F000AF211 /* Base */ = {isa = PBXFileReference; lastKnownFileType = file.storyboard; name = Base; path = Base.lproj/LaunchScreen.storyboard; sourceTree = "<group>"; };
		D8FE4B8524E1E41F000AF211 /* Info.plist */ = {isa = PBXFileReference; lastKnownFileType = text.plist.xml; path = Info.plist; sourceTree = "<group>"; };
		D8FE4B9D24E34784000AF211 /* ArtistTableViewCell.swift */ = {isa = PBXFileReference; lastKnownFileType = sourcecode.swift; path = ArtistTableViewCell.swift; sourceTree = "<group>"; };
		D8FE4B9F24EAF45E000AF211 /* ArtistViewController.swift */ = {isa = PBXFileReference; lastKnownFileType = sourcecode.swift; path = ArtistViewController.swift; sourceTree = "<group>"; };
		D8FE4BC124ED77FD000AF211 /* ArtistsModel.swift */ = {isa = PBXFileReference; lastKnownFileType = sourcecode.swift; path = ArtistsModel.swift; sourceTree = "<group>"; };
		D8FE4BC324ED782F000AF211 /* ArtistsService.swift */ = {isa = PBXFileReference; lastKnownFileType = sourcecode.swift; path = ArtistsService.swift; sourceTree = "<group>"; };
		D8FE4BC524ED786E000AF211 /* ArtistTableCellViewModel.swift */ = {isa = PBXFileReference; lastKnownFileType = sourcecode.swift; path = ArtistTableCellViewModel.swift; sourceTree = "<group>"; };
		D8FE4BCB24ED7A52000AF211 /* artists.json */ = {isa = PBXFileReference; fileEncoding = 4; lastKnownFileType = text.json; name = artists.json; path = Resources/artists.json; sourceTree = "<group>"; };
/* End PBXFileReference section */

/* Begin PBXFrameworksBuildPhase section */
		D8FE4B7124E1E41D000AF211 /* Frameworks */ = {
			isa = PBXFrameworksBuildPhase;
			buildActionMask = 2147483647;
			files = (
			);
			runOnlyForDeploymentPostprocessing = 0;
		};
/* End PBXFrameworksBuildPhase section */

/* Begin PBXGroup section */
		D8FE4B6B24E1E41D000AF211 = {
			isa = PBXGroup;
			children = (
				D8FE4B7624E1E41D000AF211 /* DynamicCellViewHeight */,
				D8FE4B7524E1E41D000AF211 /* Products */,
			);
			sourceTree = "<group>";
		};
		D8FE4B7524E1E41D000AF211 /* Products */ = {
			isa = PBXGroup;
			children = (
				D8FE4B7424E1E41D000AF211 /* DynamicCellViewHeight.app */,
			);
			name = Products;
			sourceTree = "<group>";
		};
		D8FE4B7624E1E41D000AF211 /* DynamicCellViewHeight */ = {
			isa = PBXGroup;
			children = (
				D8FE4BC724ED791C000AF211 /* Resources */,
				D8FE4BD024ED7AD9000AF211 /* Model */,
				D8FE4BD124ED7ADD000AF211 /* Service */,
				D8FE4BC924ED7949000AF211 /* Storyboard */,
				D8FE4BCA24ED7958000AF211 /* View Controller */,
				D8FE4B8524E1E41F000AF211 /* Info.plist */,
				D8FE4BCB24ED7A52000AF211 /* artists.json */,
				D8FE4B8024E1E41F000AF211 /* Assets.xcassets */,
			);
			path = DynamicCellViewHeight;
			sourceTree = "<group>";
		};
		D8FE4BC724ED791C000AF211 /* Resources */ = {
			isa = PBXGroup;
			children = (
				D8FE4B7724E1E41D000AF211 /* AppDelegate.swift */,
				D8FE4B8224E1E41F000AF211 /* LaunchScreen.storyboard */,
				D8FE4B7924E1E41D000AF211 /* SceneDelegate.swift */,
			);
			path = Resources;
			sourceTree = "<group>";
		};
		D8FE4BC924ED7949000AF211 /* Storyboard */ = {
			isa = PBXGroup;
			children = (
				D8FE4B7D24E1E41D000AF211 /* Main.storyboard */,
			);
			path = Storyboard;
			sourceTree = "<group>";
		};
		D8FE4BCA24ED7958000AF211 /* View Controller */ = {
			isa = PBXGroup;
			children = (
				D8FE4B9F24EAF45E000AF211 /* ArtistViewController.swift */,
				D8FE4BCD24ED7A9B000AF211 /* Table View Cell */,
			);
			path = "View Controller";
			sourceTree = "<group>";
		};
		D8FE4BCD24ED7A9B000AF211 /* Table View Cell */ = {
			isa = PBXGroup;
			children = (
				D8FE4B9D24E34784000AF211 /* ArtistTableViewCell.swift */,
				D8FE4BCF24ED7ABE000AF211 /* View Model */,
			);
			path = "Table View Cell";
			sourceTree = "<group>";
		};
		D8FE4BCF24ED7ABE000AF211 /* View Model */ = {
			isa = PBXGroup;
			children = (
				D8FE4BC524ED786E000AF211 /* ArtistTableCellViewModel.swift */,
			);
			path = "View Model";
			sourceTree = "<group>";
		};
		D8FE4BD024ED7AD9000AF211 /* Model */ = {
			isa = PBXGroup;
			children = (
				D8FE4BC124ED77FD000AF211 /* ArtistsModel.swift */,
			);
			path = Model;
			sourceTree = "<group>";
		};
		D8FE4BD124ED7ADD000AF211 /* Service */ = {
			isa = PBXGroup;
			children = (
				D8FE4BC324ED782F000AF211 /* ArtistsService.swift */,
			);
			path = Service;
			sourceTree = "<group>";
		};
/* End PBXGroup section */

/* Begin PBXNativeTarget section */
		D8FE4B7324E1E41D000AF211 /* DynamicCellViewHeight */ = {
			isa = PBXNativeTarget;
			buildConfigurationList = D8FE4B8824E1E41F000AF211 /* Build configuration list for PBXNativeTarget "DynamicCellViewHeight" */;
			buildPhases = (
				D8FE4B7024E1E41D000AF211 /* Sources */,
				D8FE4B7124E1E41D000AF211 /* Frameworks */,
				D8FE4B7224E1E41D000AF211 /* Resources */,
			);
			buildRules = (
			);
			dependencies = (
			);
			name = DynamicCellViewHeight;
			productName = DynamicCellViewHeight;
			productReference = D8FE4B7424E1E41D000AF211 /* DynamicCellViewHeight.app */;
			productType = "com.apple.product-type.application";
		};
/* End PBXNativeTarget section */

/* Begin PBXProject section */
		D8FE4B6C24E1E41D000AF211 /* Project object */ = {
			isa = PBXProject;
			attributes = {
				LastSwiftUpdateCheck = 1150;
				LastUpgradeCheck = 1150;
				ORGANIZATIONNAME = HighScoreApps;
				TargetAttributes = {
					D8FE4B7324E1E41D000AF211 = {
						CreatedOnToolsVersion = 11.5;
					};
				};
			};
			buildConfigurationList = D8FE4B6F24E1E41D000AF211 /* Build configuration list for PBXProject "DynamicCellViewHeight" */;
			compatibilityVersion = "Xcode 9.3";
			developmentRegion = en;
			hasScannedForEncodings = 0;
			knownRegions = (
				en,
				Base,
			);
			mainGroup = D8FE4B6B24E1E41D000AF211;
			productRefGroup = D8FE4B7524E1E41D000AF211 /* Products */;
			projectDirPath = "";
			projectRoot = "";
			targets = (
				D8FE4B7324E1E41D000AF211 /* DynamicCellViewHeight */,
			);
		};
/* End PBXProject section */

/* Begin PBXResourcesBuildPhase section */
		D8FE4B7224E1E41D000AF211 /* Resources */ = {
			isa = PBXResourcesBuildPhase;
			buildActionMask = 2147483647;
			files = (
				D8FE4B8424E1E41F000AF211 /* LaunchScreen.storyboard in Resources */,
				D8FE4B8124E1E41F000AF211 /* Assets.xcassets in Resources */,
				D8FE4BCC24ED7A52000AF211 /* artists.json in Resources */,
				D8FE4B7F24E1E41D000AF211 /* Main.storyboard in Resources */,
			);
			runOnlyForDeploymentPostprocessing = 0;
		};
/* End PBXResourcesBuildPhase section */

/* Begin PBXSourcesBuildPhase section */
		D8FE4B7024E1E41D000AF211 /* Sources */ = {
			isa = PBXSourcesBuildPhase;
			buildActionMask = 2147483647;
			files = (
				D8FE4BA024EAF45F000AF211 /* ArtistViewController.swift in Sources */,
				D8FE4BC224ED77FD000AF211 /* ArtistsModel.swift in Sources */,
				D8FE4BC424ED782F000AF211 /* ArtistsService.swift in Sources */,
				D8FE4BC624ED786E000AF211 /* ArtistTableCellViewModel.swift in Sources */,
				D8FE4B7824E1E41D000AF211 /* AppDelegate.swift in Sources */,
				D8FE4B9E24E34784000AF211 /* ArtistTableViewCell.swift in Sources */,
				D8FE4B7A24E1E41D000AF211 /* SceneDelegate.swift in Sources */,
			);
			runOnlyForDeploymentPostprocessing = 0;
		};
/* End PBXSourcesBuildPhase section */

/* Begin PBXVariantGroup section */
		D8FE4B7D24E1E41D000AF211 /* Main.storyboard */ = {
			isa = PBXVariantGroup;
			children = (
				D8FE4B7E24E1E41D000AF211 /* Base */,
			);
			name = Main.storyboard;
			sourceTree = "<group>";
		};
		D8FE4B8224E1E41F000AF211 /* LaunchScreen.storyboard */ = {
			isa = PBXVariantGroup;
			children = (
				D8FE4B8324E1E41F000AF211 /* Base */,
			);
			name = LaunchScreen.storyboard;
			sourceTree = "<group>";
		};
/* End PBXVariantGroup section */

/* Begin XCBuildConfiguration section */
		D8FE4B8624E1E41F000AF211 /* Debug */ = {
			isa = XCBuildConfiguration;
			buildSettings = {
				ALWAYS_SEARCH_USER_PATHS = NO;
				CLANG_ANALYZER_NONNULL = YES;
				CLANG_ANALYZER_NUMBER_OBJECT_CONVERSION = YES_AGGRESSIVE;
				CLANG_CXX_LANGUAGE_STANDARD = "gnu++14";
				CLANG_CXX_LIBRARY = "libc++";
				CLANG_ENABLE_MODULES = YES;
				CLANG_ENABLE_OBJC_ARC = YES;
				CLANG_ENABLE_OBJC_WEAK = YES;
				CLANG_WARN_BLOCK_CAPTURE_AUTORELEASING = YES;
				CLANG_WARN_BOOL_CONVERSION = YES;
				CLANG_WARN_COMMA = YES;
				CLANG_WARN_CONSTANT_CONVERSION = YES;
				CLANG_WARN_DEPRECATED_OBJC_IMPLEMENTATIONS = YES;
				CLANG_WARN_DIRECT_OBJC_ISA_USAGE = YES_ERROR;
				CLANG_WARN_DOCUMENTATION_COMMENTS = YES;
				CLANG_WARN_EMPTY_BODY = YES;
				CLANG_WARN_ENUM_CONVERSION = YES;
				CLANG_WARN_INFINITE_RECURSION = YES;
				CLANG_WARN_INT_CONVERSION = YES;
				CLANG_WARN_NON_LITERAL_NULL_CONVERSION = YES;
				CLANG_WARN_OBJC_IMPLICIT_RETAIN_SELF = YES;
				CLANG_WARN_OBJC_LITERAL_CONVERSION = YES;
				CLANG_WARN_OBJC_ROOT_CLASS = YES_ERROR;
				CLANG_WARN_RANGE_LOOP_ANALYSIS = YES;
				CLANG_WARN_STRICT_PROTOTYPES = YES;
				CLANG_WARN_SUSPICIOUS_MOVE = YES;
				CLANG_WARN_UNGUARDED_AVAILABILITY = YES_AGGRESSIVE;
				CLANG_WARN_UNREACHABLE_CODE = YES;
				CLANG_WARN__DUPLICATE_METHOD_MATCH = YES;
				COPY_PHASE_STRIP = NO;
				DEBUG_INFORMATION_FORMAT = dwarf;
				ENABLE_STRICT_OBJC_MSGSEND = YES;
				ENABLE_TESTABILITY = YES;
				GCC_C_LANGUAGE_STANDARD = gnu11;
				GCC_DYNAMIC_NO_PIC = NO;
				GCC_NO_COMMON_BLOCKS = YES;
				GCC_OPTIMIZATION_LEVEL = 0;
				GCC_PREPROCESSOR_DEFINITIONS = (
					"DEBUG=1",
					"$(inherited)",
				);
				GCC_WARN_64_TO_32_BIT_CONVERSION = YES;
				GCC_WARN_ABOUT_RETURN_TYPE = YES_ERROR;
				GCC_WARN_UNDECLARED_SELECTOR = YES;
				GCC_WARN_UNINITIALIZED_AUTOS = YES_AGGRESSIVE;
				GCC_WARN_UNUSED_FUNCTION = YES;
				GCC_WARN_UNUSED_VARIABLE = YES;
				IPHONEOS_DEPLOYMENT_TARGET = 13.5;
				MTL_ENABLE_DEBUG_INFO = INCLUDE_SOURCE;
				MTL_FAST_MATH = YES;
				ONLY_ACTIVE_ARCH = YES;
				SDKROOT = iphoneos;
				SWIFT_ACTIVE_COMPILATION_CONDITIONS = DEBUG;
				SWIFT_OPTIMIZATION_LEVEL = "-Onone";
			};
			name = Debug;
		};
		D8FE4B8724E1E41F000AF211 /* Release */ = {
			isa = XCBuildConfiguration;
			buildSettings = {
				ALWAYS_SEARCH_USER_PATHS = NO;
				CLANG_ANALYZER_NONNULL = YES;
				CLANG_ANALYZER_NUMBER_OBJECT_CONVERSION = YES_AGGRESSIVE;
				CLANG_CXX_LANGUAGE_STANDARD = "gnu++14";
				CLANG_CXX_LIBRARY = "libc++";
				CLANG_ENABLE_MODULES = YES;
				CLANG_ENABLE_OBJC_ARC = YES;
				CLANG_ENABLE_OBJC_WEAK = YES;
				CLANG_WARN_BLOCK_CAPTURE_AUTORELEASING = YES;
				CLANG_WARN_BOOL_CONVERSION = YES;
				CLANG_WARN_COMMA = YES;
				CLANG_WARN_CONSTANT_CONVERSION = YES;
				CLANG_WARN_DEPRECATED_OBJC_IMPLEMENTATIONS = YES;
				CLANG_WARN_DIRECT_OBJC_ISA_USAGE = YES_ERROR;
				CLANG_WARN_DOCUMENTATION_COMMENTS = YES;
				CLANG_WARN_EMPTY_BODY = YES;
				CLANG_WARN_ENUM_CONVERSION = YES;
				CLANG_WARN_INFINITE_RECURSION = YES;
				CLANG_WARN_INT_CONVERSION = YES;
				CLANG_WARN_NON_LITERAL_NULL_CONVERSION = YES;
				CLANG_WARN_OBJC_IMPLICIT_RETAIN_SELF = YES;
				CLANG_WARN_OBJC_LITERAL_CONVERSION = YES;
				CLANG_WARN_OBJC_ROOT_CLASS = YES_ERROR;
				CLANG_WARN_RANGE_LOOP_ANALYSIS = YES;
				CLANG_WARN_STRICT_PROTOTYPES = YES;
				CLANG_WARN_SUSPICIOUS_MOVE = YES;
				CLANG_WARN_UNGUARDED_AVAILABILITY = YES_AGGRESSIVE;
				CLANG_WARN_UNREACHABLE_CODE = YES;
				CLANG_WARN__DUPLICATE_METHOD_MATCH = YES;
				COPY_PHASE_STRIP = NO;
				DEBUG_INFORMATION_FORMAT = "dwarf-with-dsym";
				ENABLE_NS_ASSERTIONS = NO;
				ENABLE_STRICT_OBJC_MSGSEND = YES;
				GCC_C_LANGUAGE_STANDARD = gnu11;
				GCC_NO_COMMON_BLOCKS = YES;
				GCC_WARN_64_TO_32_BIT_CONVERSION = YES;
				GCC_WARN_ABOUT_RETURN_TYPE = YES_ERROR;
				GCC_WARN_UNDECLARED_SELECTOR = YES;
				GCC_WARN_UNINITIALIZED_AUTOS = YES_AGGRESSIVE;
				GCC_WARN_UNUSED_FUNCTION = YES;
				GCC_WARN_UNUSED_VARIABLE = YES;
				IPHONEOS_DEPLOYMENT_TARGET = 13.5;
				MTL_ENABLE_DEBUG_INFO = NO;
				MTL_FAST_MATH = YES;
				SDKROOT = iphoneos;
				SWIFT_COMPILATION_MODE = wholemodule;
				SWIFT_OPTIMIZATION_LEVEL = "-O";
				VALIDATE_PRODUCT = YES;
			};
			name = Release;
		};
		D8FE4B8924E1E41F000AF211 /* Debug */ = {
			isa = XCBuildConfiguration;
			buildSettings = {
				ASSETCATALOG_COMPILER_APPICON_NAME = AppIcon;
				CODE_SIGN_STYLE = Automatic;
				DEVELOPMENT_TEAM = V8M7L5RW78;
				INFOPLIST_FILE = DynamicCellViewHeight/Info.plist;
				LD_RUNPATH_SEARCH_PATHS = (
					"$(inherited)",
					"@executable_path/Frameworks",
				);
				PRODUCT_BUNDLE_IDENTIFIER = highscoreapps.com.DynamicCellViewHeight;
				PRODUCT_NAME = "$(TARGET_NAME)";
				SWIFT_VERSION = 5.0;
				TARGETED_DEVICE_FAMILY = "1,2";
			};
			name = Debug;
		};
		D8FE4B8A24E1E41F000AF211 /* Release */ = {
			isa = XCBuildConfiguration;
			buildSettings = {
				ASSETCATALOG_COMPILER_APPICON_NAME = AppIcon;
				CODE_SIGN_STYLE = Automatic;
				DEVELOPMENT_TEAM = V8M7L5RW78;
				INFOPLIST_FILE = DynamicCellViewHeight/Info.plist;
				LD_RUNPATH_SEARCH_PATHS = (
					"$(inherited)",
					"@executable_path/Frameworks",
				);
				PRODUCT_BUNDLE_IDENTIFIER = highscoreapps.com.DynamicCellViewHeight;
				PRODUCT_NAME = "$(TARGET_NAME)";
				SWIFT_VERSION = 5.0;
				TARGETED_DEVICE_FAMILY = "1,2";
			};
			name = Release;
		};
/* End XCBuildConfiguration section */

/* Begin XCConfigurationList section */
		D8FE4B6F24E1E41D000AF211 /* Build configuration list for PBXProject "DynamicCellViewHeight" */ = {
			isa = XCConfigurationList;
			buildConfigurations = (
				D8FE4B8624E1E41F000AF211 /* Debug */,
				D8FE4B8724E1E41F000AF211 /* Release */,
			);
			defaultConfigurationIsVisible = 0;
			defaultConfigurationName = Release;
		};
		D8FE4B8824E1E41F000AF211 /* Build configuration list for PBXNativeTarget "DynamicCellViewHeight" */ = {
			isa = XCConfigurationList;
			buildConfigurations = (
				D8FE4B8924E1E41F000AF211 /* Debug */,
				D8FE4B8A24E1E41F000AF211 /* Release */,
			);
			defaultConfigurationIsVisible = 0;
			defaultConfigurationName = Release;
		};
/* End XCConfigurationList section */
	};
	rootObject = D8FE4B6C24E1E41D000AF211 /* Project object */;
}
